// !$*UTF8*$!
{
	archiveVersion = 1;
	classes = {
	};
	objectVersion = 56;
	objects = {

/* Begin PBXBuildFile section */
		F933C7642995E7A400CAAC59 /* LottieView.swift in Sources */ = {isa = PBXBuildFile; fileRef = F933C7632995E7A400CAAC59 /* LottieView.swift */; };
		F93B194C29962F7300A2F416 /* whistle.json in Resources */ = {isa = PBXBuildFile; fileRef = F93B194B29962F7300A2F416 /* whistle.json */; };
		F93B194E2996309700A2F416 /* Scream.json in Resources */ = {isa = PBXBuildFile; fileRef = F93B194D2996309700A2F416 /* Scream.json */; };
		F93B19502996368C00A2F416 /* CallView.swift in Sources */ = {isa = PBXBuildFile; fileRef = F93B194F2996368C00A2F416 /* CallView.swift */; };
		F949CF752992132C00D31B2A /* Duduk.mp3 in Resources */ = {isa = PBXBuildFile; fileRef = F949CF742992132C00D31B2A /* Duduk.mp3 */; };
		F99947B42992EE82008D0C1A /* Bagirma.mp3 in Resources */ = {isa = PBXBuildFile; fileRef = F99947B32992EE82008D0C1A /* Bagirma.mp3 */; };
		F9D784AC2992018200C2727F /* EarthquakeAppApp.swift in Sources */ = {isa = PBXBuildFile; fileRef = F9D784AB2992018200C2727F /* EarthquakeAppApp.swift */; };
		F9D784AE2992018200C2727F /* ContentView.swift in Sources */ = {isa = PBXBuildFile; fileRef = F9D784AD2992018200C2727F /* ContentView.swift */; };
		F9D784B02992018200C2727F /* Assets.xcassets in Resources */ = {isa = PBXBuildFile; fileRef = F9D784AF2992018200C2727F /* Assets.xcassets */; };
		F9D784B32992018200C2727F /* Preview Assets.xcassets in Resources */ = {isa = PBXBuildFile; fileRef = F9D784B22992018200C2727F /* Preview Assets.xcassets */; };
		F9D784BD2992018200C2727F /* EarthquakeAppTests.swift in Sources */ = {isa = PBXBuildFile; fileRef = F9D784BC2992018200C2727F /* EarthquakeAppTests.swift */; };
		F9D784C72992018200C2727F /* EarthquakeAppUITests.swift in Sources */ = {isa = PBXBuildFile; fileRef = F9D784C62992018200C2727F /* EarthquakeAppUITests.swift */; };
		F9D784C92992018200C2727F /* EarthquakeAppUITestsLaunchTests.swift in Sources */ = {isa = PBXBuildFile; fileRef = F9D784C82992018200C2727F /* EarthquakeAppUITestsLaunchTests.swift */; };
		F9D784D6299201B800C2727F /* VolumeView.swift in Sources */ = {isa = PBXBuildFile; fileRef = F9D784D5299201B800C2727F /* VolumeView.swift */; };
		F9DA2D82299303E0004ACA7A /* AudioButtonOperation.swift in Sources */ = {isa = PBXBuildFile; fileRef = F9DA2D81299303E0004ACA7A /* AudioButtonOperation.swift */; };
		F9DA2D8529930D49004ACA7A /* Lottie in Frameworks */ = {isa = PBXBuildFile; productRef = F9DA2D8429930D49004ACA7A /* Lottie */; };
/* End PBXBuildFile section */

/* Begin PBXContainerItemProxy section */
		F9D784B92992018200C2727F /* PBXContainerItemProxy */ = {
			isa = PBXContainerItemProxy;
			containerPortal = F9D784A02992018100C2727F /* Project object */;
			proxyType = 1;
			remoteGlobalIDString = F9D784A72992018100C2727F;
			remoteInfo = EarthquakeApp;
		};
		F9D784C32992018200C2727F /* PBXContainerItemProxy */ = {
			isa = PBXContainerItemProxy;
			containerPortal = F9D784A02992018100C2727F /* Project object */;
			proxyType = 1;
			remoteGlobalIDString = F9D784A72992018100C2727F;
			remoteInfo = EarthquakeApp;
		};
/* End PBXContainerItemProxy section */

/* Begin PBXFileReference section */
		F933C7632995E7A400CAAC59 /* LottieView.swift */ = {isa = PBXFileReference; lastKnownFileType = sourcecode.swift; path = LottieView.swift; sourceTree = "<group>"; };
		F93B194B29962F7300A2F416 /* whistle.json */ = {isa = PBXFileReference; fileEncoding = 4; lastKnownFileType = text.json; path = whistle.json; sourceTree = "<group>"; };
		F93B194D2996309700A2F416 /* Scream.json */ = {isa = PBXFileReference; fileEncoding = 4; lastKnownFileType = text.json; path = Scream.json; sourceTree = "<group>"; };
		F93B194F2996368C00A2F416 /* CallView.swift */ = {isa = PBXFileReference; lastKnownFileType = sourcecode.swift; path = CallView.swift; sourceTree = "<group>"; };
		F949CF742992132C00D31B2A /* Duduk.mp3 */ = {isa = PBXFileReference; lastKnownFileType = audio.mp3; name = Duduk.mp3; path = ../../../../Downloads/Duduk.mp3; sourceTree = "<group>"; };
		F99947B32992EE82008D0C1A /* Bagirma.mp3 */ = {isa = PBXFileReference; lastKnownFileType = audio.mp3; name = Bagirma.mp3; path = ../../../../Downloads/Bagirma.mp3; sourceTree = "<group>"; };
		F9D784A82992018200C2727F /* EarthquakeApp.app */ = {isa = PBXFileReference; explicitFileType = wrapper.application; includeInIndex = 0; path = EarthquakeApp.app; sourceTree = BUILT_PRODUCTS_DIR; };
		F9D784AB2992018200C2727F /* EarthquakeAppApp.swift */ = {isa = PBXFileReference; lastKnownFileType = sourcecode.swift; path = EarthquakeAppApp.swift; sourceTree = "<group>"; };
		F9D784AD2992018200C2727F /* ContentView.swift */ = {isa = PBXFileReference; lastKnownFileType = sourcecode.swift; path = ContentView.swift; sourceTree = "<group>"; };
		F9D784AF2992018200C2727F /* Assets.xcassets */ = {isa = PBXFileReference; lastKnownFileType = folder.assetcatalog; path = Assets.xcassets; sourceTree = "<group>"; };
		F9D784B22992018200C2727F /* Preview Assets.xcassets */ = {isa = PBXFileReference; lastKnownFileType = folder.assetcatalog; path = "Preview Assets.xcassets"; sourceTree = "<group>"; };
		F9D784B82992018200C2727F /* EarthquakeAppTests.xctest */ = {isa = PBXFileReference; explicitFileType = wrapper.cfbundle; includeInIndex = 0; path = EarthquakeAppTests.xctest; sourceTree = BUILT_PRODUCTS_DIR; };
		F9D784BC2992018200C2727F /* EarthquakeAppTests.swift */ = {isa = PBXFileReference; lastKnownFileType = sourcecode.swift; path = EarthquakeAppTests.swift; sourceTree = "<group>"; };
		F9D784C22992018200C2727F /* EarthquakeAppUITests.xctest */ = {isa = PBXFileReference; explicitFileType = wrapper.cfbundle; includeInIndex = 0; path = EarthquakeAppUITests.xctest; sourceTree = BUILT_PRODUCTS_DIR; };
		F9D784C62992018200C2727F /* EarthquakeAppUITests.swift */ = {isa = PBXFileReference; lastKnownFileType = sourcecode.swift; path = EarthquakeAppUITests.swift; sourceTree = "<group>"; };
		F9D784C82992018200C2727F /* EarthquakeAppUITestsLaunchTests.swift */ = {isa = PBXFileReference; lastKnownFileType = sourcecode.swift; path = EarthquakeAppUITestsLaunchTests.swift; sourceTree = "<group>"; };
		F9D784D5299201B800C2727F /* VolumeView.swift */ = {isa = PBXFileReference; lastKnownFileType = sourcecode.swift; path = VolumeView.swift; sourceTree = "<group>"; };
		F9DA2D81299303E0004ACA7A /* AudioButtonOperation.swift */ = {isa = PBXFileReference; lastKnownFileType = sourcecode.swift; path = AudioButtonOperation.swift; sourceTree = "<group>"; };
/* End PBXFileReference section */

/* Begin PBXFrameworksBuildPhase section */
		F9D784A52992018100C2727F /* Frameworks */ = {
			isa = PBXFrameworksBuildPhase;
			buildActionMask = 2147483647;
			files = (
				F9DA2D8529930D49004ACA7A /* Lottie in Frameworks */,
			);
			runOnlyForDeploymentPostprocessing = 0;
		};
		F9D784B52992018200C2727F /* Frameworks */ = {
			isa = PBXFrameworksBuildPhase;
			buildActionMask = 2147483647;
			files = (
			);
			runOnlyForDeploymentPostprocessing = 0;
		};
		F9D784BF2992018200C2727F /* Frameworks */ = {
			isa = PBXFrameworksBuildPhase;
			buildActionMask = 2147483647;
			files = (
			);
			runOnlyForDeploymentPostprocessing = 0;
		};
/* End PBXFrameworksBuildPhase section */

/* Begin PBXGroup section */
		F93B19532996374F00A2F416 /* Modal */ = {
			isa = PBXGroup;
			children = (
				F9DA2D81299303E0004ACA7A /* AudioButtonOperation.swift */,
			);
			path = Modal;
			sourceTree = "<group>";
		};
		F949CF72299211DF00D31B2A /* Sound */ = {
			isa = PBXGroup;
			children = (
				F93B194B29962F7300A2F416 /* whistle.json */,
				F93B194D2996309700A2F416 /* Scream.json */,
				F99947B32992EE82008D0C1A /* Bagirma.mp3 */,
				F949CF742992132C00D31B2A /* Duduk.mp3 */,
			);
			path = Sound;
			sourceTree = "<group>";
		};
		F9D7849F2992018100C2727F = {
			isa = PBXGroup;
			children = (
				F9D784AA2992018200C2727F /* EarthquakeApp */,
				F9D784BB2992018200C2727F /* EarthquakeAppTests */,
				F9D784C52992018200C2727F /* EarthquakeAppUITests */,
				F9D784A92992018200C2727F /* Products */,
			);
			sourceTree = "<group>";
		};
		F9D784A92992018200C2727F /* Products */ = {
			isa = PBXGroup;
			children = (
				F9D784A82992018200C2727F /* EarthquakeApp.app */,
				F9D784B82992018200C2727F /* EarthquakeAppTests.xctest */,
				F9D784C22992018200C2727F /* EarthquakeAppUITests.xctest */,
			);
			name = Products;
			sourceTree = "<group>";
		};
		F9D784AA2992018200C2727F /* EarthquakeApp */ = {
			isa = PBXGroup;
			children = (
				F93B19532996374F00A2F416 /* Modal */,
				F9D784AB2992018200C2727F /* EarthquakeAppApp.swift */,
				F9D784AD2992018200C2727F /* ContentView.swift */,
				F933C7632995E7A400CAAC59 /* LottieView.swift */,
				F949CF72299211DF00D31B2A /* Sound */,
				F9D784D7299201BD00C2727F /* View */,
				F9D784AF2992018200C2727F /* Assets.xcassets */,
				F9D784B12992018200C2727F /* Preview Content */,
			);
			path = EarthquakeApp;
			sourceTree = "<group>";
		};
		F9D784B12992018200C2727F /* Preview Content */ = {
			isa = PBXGroup;
			children = (
				F9D784B22992018200C2727F /* Preview Assets.xcassets */,
			);
			path = "Preview Content";
			sourceTree = "<group>";
		};
		F9D784BB2992018200C2727F /* EarthquakeAppTests */ = {
			isa = PBXGroup;
			children = (
				F9D784BC2992018200C2727F /* EarthquakeAppTests.swift */,
			);
			path = EarthquakeAppTests;
			sourceTree = "<group>";
		};
		F9D784C52992018200C2727F /* EarthquakeAppUITests */ = {
			isa = PBXGroup;
			children = (
				F9D784C62992018200C2727F /* EarthquakeAppUITests.swift */,
				F9D784C82992018200C2727F /* EarthquakeAppUITestsLaunchTests.swift */,
			);
			path = EarthquakeAppUITests;
			sourceTree = "<group>";
		};
		F9D784D7299201BD00C2727F /* View */ = {
			isa = PBXGroup;
			children = (
				F93B194F2996368C00A2F416 /* CallView.swift */,
				F9D784D5299201B800C2727F /* VolumeView.swift */,
			);
			path = View;
			sourceTree = "<group>";
		};
/* End PBXGroup section */

/* Begin PBXNativeTarget section */
		F9D784A72992018100C2727F /* EarthquakeApp */ = {
			isa = PBXNativeTarget;
			buildConfigurationList = F9D784CC2992018200C2727F /* Build configuration list for PBXNativeTarget "EarthquakeApp" */;
			buildPhases = (
				F9D784A42992018100C2727F /* Sources */,
				F9D784A52992018100C2727F /* Frameworks */,
				F9D784A62992018100C2727F /* Resources */,
			);
			buildRules = (
			);
			dependencies = (
			);
			name = EarthquakeApp;
			packageProductDependencies = (
				F9DA2D8429930D49004ACA7A /* Lottie */,
			);
			productName = EarthquakeApp;
			productReference = F9D784A82992018200C2727F /* EarthquakeApp.app */;
			productType = "com.apple.product-type.application";
		};
		F9D784B72992018200C2727F /* EarthquakeAppTests */ = {
			isa = PBXNativeTarget;
			buildConfigurationList = F9D784CF2992018200C2727F /* Build configuration list for PBXNativeTarget "EarthquakeAppTests" */;
			buildPhases = (
				F9D784B42992018200C2727F /* Sources */,
				F9D784B52992018200C2727F /* Frameworks */,
				F9D784B62992018200C2727F /* Resources */,
			);
			buildRules = (
			);
			dependencies = (
				F9D784BA2992018200C2727F /* PBXTargetDependency */,
			);
			name = EarthquakeAppTests;
			productName = EarthquakeAppTests;
			productReference = F9D784B82992018200C2727F /* EarthquakeAppTests.xctest */;
			productType = "com.apple.product-type.bundle.unit-test";
		};
		F9D784C12992018200C2727F /* EarthquakeAppUITests */ = {
			isa = PBXNativeTarget;
			buildConfigurationList = F9D784D22992018200C2727F /* Build configuration list for PBXNativeTarget "EarthquakeAppUITests" */;
			buildPhases = (
				F9D784BE2992018200C2727F /* Sources */,
				F9D784BF2992018200C2727F /* Frameworks */,
				F9D784C02992018200C2727F /* Resources */,
			);
			buildRules = (
			);
			dependencies = (
				F9D784C42992018200C2727F /* PBXTargetDependency */,
			);
			name = EarthquakeAppUITests;
			productName = EarthquakeAppUITests;
			productReference = F9D784C22992018200C2727F /* EarthquakeAppUITests.xctest */;
			productType = "com.apple.product-type.bundle.ui-testing";
		};
/* End PBXNativeTarget section */

/* Begin PBXProject section */
		F9D784A02992018100C2727F /* Project object */ = {
			isa = PBXProject;
			attributes = {
				BuildIndependentTargetsInParallel = 1;
				LastSwiftUpdateCheck = 1410;
				LastUpgradeCheck = 1410;
				TargetAttributes = {
					F9D784A72992018100C2727F = {
						CreatedOnToolsVersion = 14.1;
					};
					F9D784B72992018200C2727F = {
						CreatedOnToolsVersion = 14.1;
						TestTargetID = F9D784A72992018100C2727F;
					};
					F9D784C12992018200C2727F = {
						CreatedOnToolsVersion = 14.1;
						TestTargetID = F9D784A72992018100C2727F;
					};
				};
			};
			buildConfigurationList = F9D784A32992018100C2727F /* Build configuration list for PBXProject "EarthquakeApp" */;
			compatibilityVersion = "Xcode 14.0";
			developmentRegion = en;
			hasScannedForEncodings = 0;
			knownRegions = (
				en,
				Base,
			);
			mainGroup = F9D7849F2992018100C2727F;
			packageReferences = (
				F9DA2D8329930D49004ACA7A /* XCRemoteSwiftPackageReference "lottie-spm" */,
			);
			productRefGroup = F9D784A92992018200C2727F /* Products */;
			projectDirPath = "";
			projectRoot = "";
			targets = (
				F9D784A72992018100C2727F /* EarthquakeApp */,
				F9D784B72992018200C2727F /* EarthquakeAppTests */,
				F9D784C12992018200C2727F /* EarthquakeAppUITests */,
			);
		};
/* End PBXProject section */

/* Begin PBXResourcesBuildPhase section */
		F9D784A62992018100C2727F /* Resources */ = {
			isa = PBXResourcesBuildPhase;
			buildActionMask = 2147483647;
			files = (
				F99947B42992EE82008D0C1A /* Bagirma.mp3 in Resources */,
				F93B194C29962F7300A2F416 /* whistle.json in Resources */,
				F9D784B32992018200C2727F /* Preview Assets.xcassets in Resources */,
				F9D784B02992018200C2727F /* Assets.xcassets in Resources */,
				F93B194E2996309700A2F416 /* Scream.json in Resources */,
				F949CF752992132C00D31B2A /* Duduk.mp3 in Resources */,
			);
			runOnlyForDeploymentPostprocessing = 0;
		};
		F9D784B62992018200C2727F /* Resources */ = {
			isa = PBXResourcesBuildPhase;
			buildActionMask = 2147483647;
			files = (
			);
			runOnlyForDeploymentPostprocessing = 0;
		};
		F9D784C02992018200C2727F /* Resources */ = {
			isa = PBXResourcesBuildPhase;
			buildActionMask = 2147483647;
			files = (
			);
			runOnlyForDeploymentPostprocessing = 0;
		};
/* End PBXResourcesBuildPhase section */

/* Begin PBXSourcesBuildPhase section */
		F9D784A42992018100C2727F /* Sources */ = {
			isa = PBXSourcesBuildPhase;
			buildActionMask = 2147483647;
			files = (
				F93B19502996368C00A2F416 /* CallView.swift in Sources */,
				F9DA2D82299303E0004ACA7A /* AudioButtonOperation.swift in Sources */,
				F9D784AE2992018200C2727F /* ContentView.swift in Sources */,
				F933C7642995E7A400CAAC59 /* LottieView.swift in Sources */,
				F9D784D6299201B800C2727F /* VolumeView.swift in Sources */,
				F9D784AC2992018200C2727F /* EarthquakeAppApp.swift in Sources */,
			);
			runOnlyForDeploymentPostprocessing = 0;
		};
		F9D784B42992018200C2727F /* Sources */ = {
			isa = PBXSourcesBuildPhase;
			buildActionMask = 2147483647;
			files = (
				F9D784BD2992018200C2727F /* EarthquakeAppTests.swift in Sources */,
			);
			runOnlyForDeploymentPostprocessing = 0;
		};
		F9D784BE2992018200C2727F /* Sources */ = {
			isa = PBXSourcesBuildPhase;
			buildActionMask = 2147483647;
			files = (
				F9D784C72992018200C2727F /* EarthquakeAppUITests.swift in Sources */,
				F9D784C92992018200C2727F /* EarthquakeAppUITestsLaunchTests.swift in Sources */,
			);
			runOnlyForDeploymentPostprocessing = 0;
		};
/* End PBXSourcesBuildPhase section */

/* Begin PBXTargetDependency section */
		F9D784BA2992018200C2727F /* PBXTargetDependency */ = {
			isa = PBXTargetDependency;
			target = F9D784A72992018100C2727F /* EarthquakeApp */;
			targetProxy = F9D784B92992018200C2727F /* PBXContainerItemProxy */;
		};
		F9D784C42992018200C2727F /* PBXTargetDependency */ = {
			isa = PBXTargetDependency;
			target = F9D784A72992018100C2727F /* EarthquakeApp */;
			targetProxy = F9D784C32992018200C2727F /* PBXContainerItemProxy */;
		};
/* End PBXTargetDependency section */

/* Begin XCBuildConfiguration section */
		F9D784CA2992018200C2727F /* Debug */ = {
			isa = XCBuildConfiguration;
			buildSettings = {
				ALWAYS_SEARCH_USER_PATHS = NO;
				CLANG_ANALYZER_NONNULL = YES;
				CLANG_ANALYZER_NUMBER_OBJECT_CONVERSION = YES_AGGRESSIVE;
				CLANG_CXX_LANGUAGE_STANDARD = "gnu++20";
				CLANG_ENABLE_MODULES = YES;
				CLANG_ENABLE_OBJC_ARC = YES;
				CLANG_ENABLE_OBJC_WEAK = YES;
				CLANG_WARN_BLOCK_CAPTURE_AUTORELEASING = YES;
				CLANG_WARN_BOOL_CONVERSION = YES;
				CLANG_WARN_COMMA = YES;
				CLANG_WARN_CONSTANT_CONVERSION = YES;
				CLANG_WARN_DEPRECATED_OBJC_IMPLEMENTATIONS = YES;
				CLANG_WARN_DIRECT_OBJC_ISA_USAGE = YES_ERROR;
				CLANG_WARN_DOCUMENTATION_COMMENTS = YES;
				CLANG_WARN_EMPTY_BODY = YES;
				CLANG_WARN_ENUM_CONVERSION = YES;
				CLANG_WARN_INFINITE_RECURSION = YES;
				CLANG_WARN_INT_CONVERSION = YES;
				CLANG_WARN_NON_LITERAL_NULL_CONVERSION = YES;
				CLANG_WARN_OBJC_IMPLICIT_RETAIN_SELF = YES;
				CLANG_WARN_OBJC_LITERAL_CONVERSION = YES;
				CLANG_WARN_OBJC_ROOT_CLASS = YES_ERROR;
				CLANG_WARN_QUOTED_INCLUDE_IN_FRAMEWORK_HEADER = YES;
				CLANG_WARN_RANGE_LOOP_ANALYSIS = YES;
				CLANG_WARN_STRICT_PROTOTYPES = YES;
				CLANG_WARN_SUSPICIOUS_MOVE = YES;
				CLANG_WARN_UNGUARDED_AVAILABILITY = YES_AGGRESSIVE;
				CLANG_WARN_UNREACHABLE_CODE = YES;
				CLANG_WARN__DUPLICATE_METHOD_MATCH = YES;
				COPY_PHASE_STRIP = NO;
				DEBUG_INFORMATION_FORMAT = dwarf;
				ENABLE_STRICT_OBJC_MSGSEND = YES;
				ENABLE_TESTABILITY = YES;
				GCC_C_LANGUAGE_STANDARD = gnu11;
				GCC_DYNAMIC_NO_PIC = NO;
				GCC_NO_COMMON_BLOCKS = YES;
				GCC_OPTIMIZATION_LEVEL = 0;
				GCC_PREPROCESSOR_DEFINITIONS = (
					"DEBUG=1",
					"$(inherited)",
				);
				GCC_WARN_64_TO_32_BIT_CONVERSION = YES;
				GCC_WARN_ABOUT_RETURN_TYPE = YES_ERROR;
				GCC_WARN_UNDECLARED_SELECTOR = YES;
				GCC_WARN_UNINITIALIZED_AUTOS = YES_AGGRESSIVE;
				GCC_WARN_UNUSED_FUNCTION = YES;
				GCC_WARN_UNUSED_VARIABLE = YES;
				IPHONEOS_DEPLOYMENT_TARGET = 16.1;
				MTL_ENABLE_DEBUG_INFO = INCLUDE_SOURCE;
				MTL_FAST_MATH = YES;
				ONLY_ACTIVE_ARCH = YES;
				SDKROOT = iphoneos;
				SWIFT_ACTIVE_COMPILATION_CONDITIONS = DEBUG;
				SWIFT_OPTIMIZATION_LEVEL = "-Onone";
			};
			name = Debug;
		};
		F9D784CB2992018200C2727F /* Release */ = {
			isa = XCBuildConfiguration;
			buildSettings = {
				ALWAYS_SEARCH_USER_PATHS = NO;
				CLANG_ANALYZER_NONNULL = YES;
				CLANG_ANALYZER_NUMBER_OBJECT_CONVERSION = YES_AGGRESSIVE;
				CLANG_CXX_LANGUAGE_STANDARD = "gnu++20";
				CLANG_ENABLE_MODULES = YES;
				CLANG_ENABLE_OBJC_ARC = YES;
				CLANG_ENABLE_OBJC_WEAK = YES;
				CLANG_WARN_BLOCK_CAPTURE_AUTORELEASING = YES;
				CLANG_WARN_BOOL_CONVERSION = YES;
				CLANG_WARN_COMMA = YES;
				CLANG_WARN_CONSTANT_CONVERSION = YES;
				CLANG_WARN_DEPRECATED_OBJC_IMPLEMENTATIONS = YES;
				CLANG_WARN_DIRECT_OBJC_ISA_USAGE = YES_ERROR;
				CLANG_WARN_DOCUMENTATION_COMMENTS = YES;
				CLANG_WARN_EMPTY_BODY = YES;
				CLANG_WARN_ENUM_CONVERSION = YES;
				CLANG_WARN_INFINITE_RECURSION = YES;
				CLANG_WARN_INT_CONVERSION = YES;
				CLANG_WARN_NON_LITERAL_NULL_CONVERSION = YES;
				CLANG_WARN_OBJC_IMPLICIT_RETAIN_SELF = YES;
				CLANG_WARN_OBJC_LITERAL_CONVERSION = YES;
				CLANG_WARN_OBJC_ROOT_CLASS = YES_ERROR;
				CLANG_WARN_QUOTED_INCLUDE_IN_FRAMEWORK_HEADER = YES;
				CLANG_WARN_RANGE_LOOP_ANALYSIS = YES;
				CLANG_WARN_STRICT_PROTOTYPES = YES;
				CLANG_WARN_SUSPICIOUS_MOVE = YES;
				CLANG_WARN_UNGUARDED_AVAILABILITY = YES_AGGRESSIVE;
				CLANG_WARN_UNREACHABLE_CODE = YES;
				CLANG_WARN__DUPLICATE_METHOD_MATCH = YES;
				COPY_PHASE_STRIP = NO;
				DEBUG_INFORMATION_FORMAT = "dwarf-with-dsym";
				ENABLE_NS_ASSERTIONS = NO;
				ENABLE_STRICT_OBJC_MSGSEND = YES;
				GCC_C_LANGUAGE_STANDARD = gnu11;
				GCC_NO_COMMON_BLOCKS = YES;
				GCC_WARN_64_TO_32_BIT_CONVERSION = YES;
				GCC_WARN_ABOUT_RETURN_TYPE = YES_ERROR;
				GCC_WARN_UNDECLARED_SELECTOR = YES;
				GCC_WARN_UNINITIALIZED_AUTOS = YES_AGGRESSIVE;
				GCC_WARN_UNUSED_FUNCTION = YES;
				GCC_WARN_UNUSED_VARIABLE = YES;
				IPHONEOS_DEPLOYMENT_TARGET = 16.1;
				MTL_ENABLE_DEBUG_INFO = NO;
				MTL_FAST_MATH = YES;
				SDKROOT = iphoneos;
				SWIFT_COMPILATION_MODE = wholemodule;
				SWIFT_OPTIMIZATION_LEVEL = "-O";
				VALIDATE_PRODUCT = YES;
			};
			name = Release;
		};
		F9D784CD2992018200C2727F /* Debug */ = {
			isa = XCBuildConfiguration;
			buildSettings = {
				ASSETCATALOG_COMPILER_APPICON_NAME = AppIcon;
				ASSETCATALOG_COMPILER_GLOBAL_ACCENT_COLOR_NAME = AccentColor;
				CODE_SIGN_STYLE = Automatic;
				CURRENT_PROJECT_VERSION = 1;
				DEVELOPMENT_ASSET_PATHS = "\"EarthquakeApp/Preview Content\"";
				ENABLE_PREVIEWS = YES;
				GENERATE_INFOPLIST_FILE = YES;
				INFOPLIST_KEY_UIApplicationSceneManifest_Generation = YES;
				INFOPLIST_KEY_UIApplicationSupportsIndirectInputEvents = YES;
				INFOPLIST_KEY_UILaunchScreen_Generation = YES;
				INFOPLIST_KEY_UISupportedInterfaceOrientations_iPad = "UIInterfaceOrientationPortrait UIInterfaceOrientationPortraitUpsideDown UIInterfaceOrientationLandscapeLeft UIInterfaceOrientationLandscapeRight";
				INFOPLIST_KEY_UISupportedInterfaceOrientations_iPhone = "UIInterfaceOrientationPortrait UIInterfaceOrientationLandscapeLeft UIInterfaceOrientationLandscapeRight";
				LD_RUNPATH_SEARCH_PATHS = (
					"$(inherited)",
					"@executable_path/Frameworks",
				);
				MARKETING_VERSION = 1.0;
				PRODUCT_BUNDLE_IDENTIFIER = eko.EarthquakeApp;
				PRODUCT_NAME = "$(TARGET_NAME)";
				SWIFT_EMIT_LOC_STRINGS = YES;
				SWIFT_VERSION = 5.0;
				TARGETED_DEVICE_FAMILY = "1,2";
			};
			name = Debug;
		};
		F9D784CE2992018200C2727F /* Release */ = {
			isa = XCBuildConfiguration;
			buildSettings = {
				ASSETCATALOG_COMPILER_APPICON_NAME = AppIcon;
				ASSETCATALOG_COMPILER_GLOBAL_ACCENT_COLOR_NAME = AccentColor;
				CODE_SIGN_STYLE = Automatic;
				CURRENT_PROJECT_VERSION = 1;
				DEVELOPMENT_ASSET_PATHS = "\"EarthquakeApp/Preview Content\"";
				ENABLE_PREVIEWS = YES;
				GENERATE_INFOPLIST_FILE = YES;
				INFOPLIST_KEY_UIApplicationSceneManifest_Generation = YES;
				INFOPLIST_KEY_UIApplicationSupportsIndirectInputEvents = YES;
				INFOPLIST_KEY_UILaunchScreen_Generation = YES;
				INFOPLIST_KEY_UISupportedInterfaceOrientations_iPad = "UIInterfaceOrientationPortrait UIInterfaceOrientationPortraitUpsideDown UIInterfaceOrientationLandscapeLeft UIInterfaceOrientationLandscapeRight";
				INFOPLIST_KEY_UISupportedInterfaceOrientations_iPhone = "UIInterfaceOrientationPortrait UIInterfaceOrientationLandscapeLeft UIInterfaceOrientationLandscapeRight";
				LD_RUNPATH_SEARCH_PATHS = (
					"$(inherited)",
					"@executable_path/Frameworks",
				);
				MARKETING_VERSION = 1.0;
				PRODUCT_BUNDLE_IDENTIFIER = eko.EarthquakeApp;
				PRODUCT_NAME = "$(TARGET_NAME)";
				SWIFT_EMIT_LOC_STRINGS = YES;
				SWIFT_VERSION = 5.0;
				TARGETED_DEVICE_FAMILY = "1,2";
			};
			name = Release;
		};
		F9D784D02992018200C2727F /* Debug */ = {
			isa = XCBuildConfiguration;
			buildSettings = {
				ALWAYS_EMBED_SWIFT_STANDARD_LIBRARIES = YES;
				BUNDLE_LOADER = "$(TEST_HOST)";
				CODE_SIGN_STYLE = Automatic;
				CURRENT_PROJECT_VERSION = 1;
				GENERATE_INFOPLIST_FILE = YES;
				IPHONEOS_DEPLOYMENT_TARGET = 16.1;
				MARKETING_VERSION = 1.0;
				PRODUCT_BUNDLE_IDENTIFIER = eko.EarthquakeAppTests;
				PRODUCT_NAME = "$(TARGET_NAME)";
				SWIFT_EMIT_LOC_STRINGS = NO;
				SWIFT_VERSION = 5.0;
				TARGETED_DEVICE_FAMILY = "1,2";
				TEST_HOST = "$(BUILT_PRODUCTS_DIR)/EarthquakeApp.app/$(BUNDLE_EXECUTABLE_FOLDER_PATH)/EarthquakeApp";
			};
			name = Debug;
		};
		F9D784D12992018200C2727F /* Release */ = {
			isa = XCBuildConfiguration;
			buildSettings = {
				ALWAYS_EMBED_SWIFT_STANDARD_LIBRARIES = YES;
				BUNDLE_LOADER = "$(TEST_HOST)";
				CODE_SIGN_STYLE = Automatic;
				CURRENT_PROJECT_VERSION = 1;
				GENERATE_INFOPLIST_FILE = YES;
				IPHONEOS_DEPLOYMENT_TARGET = 16.1;
				MARKETING_VERSION = 1.0;
				PRODUCT_BUNDLE_IDENTIFIER = eko.EarthquakeAppTests;
				PRODUCT_NAME = "$(TARGET_NAME)";
				SWIFT_EMIT_LOC_STRINGS = NO;
				SWIFT_VERSION = 5.0;
				TARGETED_DEVICE_FAMILY = "1,2";
				TEST_HOST = "$(BUILT_PRODUCTS_DIR)/EarthquakeApp.app/$(BUNDLE_EXECUTABLE_FOLDER_PATH)/EarthquakeApp";
			};
			name = Release;
		};
		F9D784D32992018200C2727F /* Debug */ = {
			isa = XCBuildConfiguration;
			buildSettings = {
				ALWAYS_EMBED_SWIFT_STANDARD_LIBRARIES = YES;
				CODE_SIGN_STYLE = Automatic;
				CURRENT_PROJECT_VERSION = 1;
				GENERATE_INFOPLIST_FILE = YES;
				MARKETING_VERSION = 1.0;
				PRODUCT_BUNDLE_IDENTIFIER = eko.EarthquakeAppUITests;
				PRODUCT_NAME = "$(TARGET_NAME)";
				SWIFT_EMIT_LOC_STRINGS = NO;
				SWIFT_VERSION = 5.0;
				TARGETED_DEVICE_FAMILY = "1,2";
				TEST_TARGET_NAME = EarthquakeApp;
			};
			name = Debug;
		};
		F9D784D42992018200C2727F /* Release */ = {
			isa = XCBuildConfiguration;
			buildSettings = {
				ALWAYS_EMBED_SWIFT_STANDARD_LIBRARIES = YES;
				CODE_SIGN_STYLE = Automatic;
				CURRENT_PROJECT_VERSION = 1;
				GENERATE_INFOPLIST_FILE = YES;
				MARKETING_VERSION = 1.0;
				PRODUCT_BUNDLE_IDENTIFIER = eko.EarthquakeAppUITests;
				PRODUCT_NAME = "$(TARGET_NAME)";
				SWIFT_EMIT_LOC_STRINGS = NO;
				SWIFT_VERSION = 5.0;
				TARGETED_DEVICE_FAMILY = "1,2";
				TEST_TARGET_NAME = EarthquakeApp;
			};
			name = Release;
		};
/* End XCBuildConfiguration section */

/* Begin XCConfigurationList section */
		F9D784A32992018100C2727F /* Build configuration list for PBXProject "EarthquakeApp" */ = {
			isa = XCConfigurationList;
			buildConfigurations = (
				F9D784CA2992018200C2727F /* Debug */,
				F9D784CB2992018200C2727F /* Release */,
			);
			defaultConfigurationIsVisible = 0;
			defaultConfigurationName = Release;
		};
		F9D784CC2992018200C2727F /* Build configuration list for PBXNativeTarget "EarthquakeApp" */ = {
			isa = XCConfigurationList;
			buildConfigurations = (
				F9D784CD2992018200C2727F /* Debug */,
				F9D784CE2992018200C2727F /* Release */,
			);
			defaultConfigurationIsVisible = 0;
			defaultConfigurationName = Release;
		};
		F9D784CF2992018200C2727F /* Build configuration list for PBXNativeTarget "EarthquakeAppTests" */ = {
			isa = XCConfigurationList;
			buildConfigurations = (
				F9D784D02992018200C2727F /* Debug */,
				F9D784D12992018200C2727F /* Release */,
			);
			defaultConfigurationIsVisible = 0;
			defaultConfigurationName = Release;
		};
		F9D784D22992018200C2727F /* Build configuration list for PBXNativeTarget "EarthquakeAppUITests" */ = {
			isa = XCConfigurationList;
			buildConfigurations = (
				F9D784D32992018200C2727F /* Debug */,
				F9D784D42992018200C2727F /* Release */,
			);
			defaultConfigurationIsVisible = 0;
			defaultConfigurationName = Release;
		};
/* End XCConfigurationList section */

/* Begin XCRemoteSwiftPackageReference section */
		F9DA2D8329930D49004ACA7A /* XCRemoteSwiftPackageReference "lottie-spm" */ = {
			isa = XCRemoteSwiftPackageReference;
			repositoryURL = "https://github.com/airbnb/lottie-spm.git";
			requirement = {
				kind = upToNextMajorVersion;
				minimumVersion = 4.0.0;
			};
		};
/* End XCRemoteSwiftPackageReference section */

/* Begin XCSwiftPackageProductDependency section */
		F9DA2D8429930D49004ACA7A /* Lottie */ = {
			isa = XCSwiftPackageProductDependency;
			package = F9DA2D8329930D49004ACA7A /* XCRemoteSwiftPackageReference "lottie-spm" */;
			productName = Lottie;
		};
/* End XCSwiftPackageProductDependency section */
	};
	rootObject = F9D784A02992018100C2727F /* Project object */;
}
